schema: '2.0'
stages:
  prepare:
    cmd: python src/prepare.py data/data.xml
    deps:
    - path: data/data.xml
      hash: md5
      md5: 22a1a2931c8370d3aeedd7183606fd7f
      size: 14445097
    - path: src/prepare.py
      hash: md5
      md5: 1f0f274934757d1d067fc2389b9b04b7
      size: 2309
    params:
      params.yaml:
        prepare.seed: 20170428
        prepare.split: 0.2
    outs:
    - path: data/prepared
      hash: md5
      md5: 153aad06d376b6595932470e459ef42a.dir
      size: 8437363
      nfiles: 2
  featurize:
    cmd: python src/featurization.py data/prepared data/features
    deps:
    - path: data/prepared
      hash: md5
      md5: 153aad06d376b6595932470e459ef42a.dir
      size: 8437363
      nfiles: 2
    - path: src/featurization.py
      hash: md5
      md5: 0b39b0b9674f4acfc6f86893328ca04a
      size: 4294
    params:
      params.yaml:
        featurize.max_features: 300
        featurize.ngrams: 3
    outs:
    - path: data/features
      hash: md5
      md5: 282b48b1425b0e2140604cd730e5b675.dir
      size: 2654434
      nfiles: 2
  train:
    cmd: python src/train.py data/features model.pkl
    deps:
    - path: data/features
      hash: md5
      md5: 282b48b1425b0e2140604cd730e5b675.dir
      size: 2654434
      nfiles: 2
    - path: src/train.py
      hash: md5
      md5: 71c70dbf6257cec4fea955eaf1340660
      size: 1731
    params:
      params.yaml:
        train.min_split: 0.01
        train.n_est: 50
        train.seed: 20170428
    outs:
    - path: model.pkl
      hash: md5
      md5: 9268e58f9b8309d1f859db230941642c
      size: 1907152
      isexec: true
  evaluate:
    cmd: python src/evaluate.py model.pkl data/features
    deps:
    - path: data/features
      hash: md5
      md5: 282b48b1425b0e2140604cd730e5b675.dir
      size: 2654434
      nfiles: 2
    - path: model.pkl
      hash: md5
      md5: 9268e58f9b8309d1f859db230941642c
      size: 1907152
    - path: src/evaluate.py
      hash: md5
      md5: aedf9423463d44f5e3909f52c6a4a1be
      size: 3427
    outs:
    - path: eval
      hash: md5
      md5: 8f82724bde86af9d6c3fb9327716c8cf.dir
      size: 1268804
      nfiles: 8
