schema: '2.0'
stages:
  prepare:
    cmd: python src/prepare.py data/data.xml
    deps:
    - path: data/data.xml
      hash: md5
      md5: 22a1a2931c8370d3aeedd7183606fd7f
      size: 14445097
    - path: src/prepare.py
      hash: md5
      md5: 1f0f274934757d1d067fc2389b9b04b7
      size: 2309
    params:
      params.yaml:
        prepare.seed: 20170428
        prepare.split: 0.2
    outs:
    - path: data/prepared
      hash: md5
      md5: 153aad06d376b6595932470e459ef42a.dir
      size: 8437363
      nfiles: 2
  featurize:
    cmd: python src/featurization.py data/prepared data/features
    deps:
    - path: data/prepared
      hash: md5
      md5: 153aad06d376b6595932470e459ef42a.dir
      size: 8437363
      nfiles: 2
    - path: src/featurization.py
      hash: md5
      md5: 0b39b0b9674f4acfc6f86893328ca04a
      size: 4294
    params:
      params.yaml:
        featurize.max_features: 200
        featurize.ngrams: 2
    outs:
    - path: data/features
      hash: md5
      md5: f35d4cc2c552ac959ae602162b8543f3.dir
      size: 2232588
      nfiles: 2
  train:
    cmd: python src/train.py data/features model.pkl
    deps:
    - path: data/features
      hash: md5
      md5: f35d4cc2c552ac959ae602162b8543f3.dir
      size: 2232588
      nfiles: 2
    - path: src/train.py
      hash: md5
      md5: 71c70dbf6257cec4fea955eaf1340660
      size: 1731
    params:
      params.yaml:
        train.min_split: 0.01
        train.n_est: 50
        train.seed: 20170428
    outs:
    - path: model.pkl
      hash: md5
      md5: bf42c11b1070363a2efe5369096dcc57
      size: 1957931
      isexec: true
  evaluate:
    cmd: python src/evaluate.py model.pkl data/features
    deps:
    - path: data/features
      hash: md5
      md5: f35d4cc2c552ac959ae602162b8543f3.dir
      size: 2232588
      nfiles: 2
    - path: model.pkl
      hash: md5
      md5: bf42c11b1070363a2efe5369096dcc57
      size: 1957931
    - path: src/evaluate.py
      hash: md5
      md5: aedf9423463d44f5e3909f52c6a4a1be
      size: 3427
    outs:
    - path: eval
      hash: md5
      md5: 2459a7e5659d4c382a8e07c9b31dd47d.dir
      size: 1292367
      nfiles: 8
